
Microsoft Visual Studio Solution File, Format Version 12.00
# Visual Studio 14
VisualStudioVersion = 14.0.25420.1
MinimumVisualStudioVersion = 10.0.40219.1
Project("{FAE04EC0-301F-11D3-BF4B-00C04F79EFBC}") = "WebApiTest", "WebApiTest\WebApiTest.csproj", "{F7FBE704-F164-4014-AE30-189D0D1FF458}"
EndProject
Project("{FAE04EC0-301F-11D3-BF4B-00C04F79EFBC}") = "DataModel", "DataModel\DataModel.csproj", "{27EDBCA5-092E-47AF-894E-0D169AAC8EDD}"
EndProject
Project("{FAE04EC0-301F-11D3-BF4B-00C04F79EFBC}") = "BusinessEntities", "BusinessEntities\BusinessEntities.csproj", "{78A1F1D0-386E-435F-98D8-117307C5E36C}"
EndProject
Global
	GlobalSection(SolutionConfigurationPlatforms) = preSolution
		Debug|Any CPU = Debug|Any CPU
		Release|Any CPU = Release|Any CPU
	EndGlobalSection
	GlobalSection(ProjectConfigurationPlatforms) = postSolution
		{F7FBE704-F164-4014-AE30-189D0D1FF458}.Debug|Any CPU.ActiveCfg = Debug|Any CPU
		{F7FBE704-F164-4014-AE30-189D0D1FF458}.Debug|Any CPU.Build.0 = Debug|Any CPU
		{F7FBE704-F164-4014-AE30-189D0D1FF458}.Release|Any CPU.ActiveCfg = Release|Any CPU
		{F7FBE704-F164-4014-AE30-189D0D1FF458}.Release|Any CPU.Build.0 = Release|Any CPU
		{27EDBCA5-092E-47AF-894E-0D169AAC8EDD}.Debug|Any CPU.ActiveCfg = Debug|Any CPU
		{27EDBCA5-092E-47AF-894E-0D169AAC8EDD}.Debug|Any CPU.Build.0 = Debug|Any CPU
		{27EDBCA5-092E-47AF-894E-0D169AAC8EDD}.Release|Any CPU.ActiveCfg = Release|Any CPU
		{27EDBCA5-092E-47AF-894E-0D169AAC8EDD}.Release|Any CPU.Build.0 = Release|Any CPU
		{78A1F1D0-386E-435F-98D8-117307C5E36C}.Debug|Any CPU.ActiveCfg = Debug|Any CPU
		{78A1F1D0-386E-435F-98D8-117307C5E36C}.Debug|Any CPU.Build.0 = Debug|Any CPU
		{78A1F1D0-386E-435F-98D8-117307C5E36C}.Release|Any CPU.ActiveCfg = Release|Any CPU
		{78A1F1D0-386E-435F-98D8-117307C5E36C}.Release|Any CPU.Build.0 = Release|Any CPU
	EndGlobalSection
	GlobalSection(SolutionProperties) = preSolution
		HideSolutionNode = FALSE
	EndGlobalSection
EndGlobal
